// !$*UTF8*$!
{
	archiveVersion = 1;
	classes = {
	};
	objectVersion = 46;
	objects = {

/* Begin PBXBuildFile section */
		9D31C8B120111D5C00208F71 /* NewItemViewController.swift in Sources */ = {isa = PBXBuildFile; fileRef = 9D31C8B020111D5C00208F71 /* NewItemViewController.swift */; };
		9D6307BC200FC34700D6D134 /* AppDelegate.swift in Sources */ = {isa = PBXBuildFile; fileRef = 9D6307BB200FC34700D6D134 /* AppDelegate.swift */; };
		9D6307C3200FC34700D6D134 /* Main.storyboard in Resources */ = {isa = PBXBuildFile; fileRef = 9D6307C1200FC34700D6D134 /* Main.storyboard */; };
		9D6307C5200FC34700D6D134 /* Assets.xcassets in Resources */ = {isa = PBXBuildFile; fileRef = 9D6307C4200FC34700D6D134 /* Assets.xcassets */; };
		9D6307C8200FC34700D6D134 /* LaunchScreen.storyboard in Resources */ = {isa = PBXBuildFile; fileRef = 9D6307C6200FC34700D6D134 /* LaunchScreen.storyboard */; };
		9D6307D3200FC34700D6D134 /* InventariumTests.swift in Sources */ = {isa = PBXBuildFile; fileRef = 9D6307D2200FC34700D6D134 /* InventariumTests.swift */; };
		9D6307DE200FC34700D6D134 /* InventariumUITests.swift in Sources */ = {isa = PBXBuildFile; fileRef = 9D6307DD200FC34700D6D134 /* InventariumUITests.swift */; };
		9D6307EC200FC39B00D6D134 /* ItemsTableViewController.swift in Sources */ = {isa = PBXBuildFile; fileRef = 9D6307EB200FC39B00D6D134 /* ItemsTableViewController.swift */; };
		9D6307EE200FC3AA00D6D134 /* HistoryTableViewController.swift in Sources */ = {isa = PBXBuildFile; fileRef = 9D6307ED200FC3AA00D6D134 /* HistoryTableViewController.swift */; };
		9D6307F0200FC3B700D6D134 /* Item.swift in Sources */ = {isa = PBXBuildFile; fileRef = 9D6307EF200FC3B700D6D134 /* Item.swift */; };
		9D6307F2200FC3CC00D6D134 /* ItemsTableViewCell.swift in Sources */ = {isa = PBXBuildFile; fileRef = 9D6307F1200FC3CC00D6D134 /* ItemsTableViewCell.swift */; };
		9DF490D22023891800288DA2 /* EditItemViewController.swift in Sources */ = {isa = PBXBuildFile; fileRef = 9DF490D12023891800288DA2 /* EditItemViewController.swift */; };
/* End PBXBuildFile section */

/* Begin PBXContainerItemProxy section */
		9D6307CF200FC34700D6D134 /* PBXContainerItemProxy */ = {
			isa = PBXContainerItemProxy;
			containerPortal = 9D6307B0200FC34700D6D134 /* Project object */;
			proxyType = 1;
			remoteGlobalIDString = 9D6307B7200FC34700D6D134;
			remoteInfo = Inventarium;
		};
		9D6307DA200FC34700D6D134 /* PBXContainerItemProxy */ = {
			isa = PBXContainerItemProxy;
			containerPortal = 9D6307B0200FC34700D6D134 /* Project object */;
			proxyType = 1;
			remoteGlobalIDString = 9D6307B7200FC34700D6D134;
			remoteInfo = Inventarium;
		};
/* End PBXContainerItemProxy section */

/* Begin PBXFileReference section */
		9D31C8B020111D5C00208F71 /* NewItemViewController.swift */ = {isa = PBXFileReference; fileEncoding = 4; lastKnownFileType = sourcecode.swift; path = NewItemViewController.swift; sourceTree = "<group>"; };
		9D6307B8200FC34700D6D134 /* Inventarium.app */ = {isa = PBXFileReference; explicitFileType = wrapper.application; includeInIndex = 0; path = Inventarium.app; sourceTree = BUILT_PRODUCTS_DIR; };
		9D6307BB200FC34700D6D134 /* AppDelegate.swift */ = {isa = PBXFileReference; lastKnownFileType = sourcecode.swift; path = AppDelegate.swift; sourceTree = "<group>"; };
		9D6307C2200FC34700D6D134 /* Base */ = {isa = PBXFileReference; lastKnownFileType = file.storyboard; name = Base; path = Base.lproj/Main.storyboard; sourceTree = "<group>"; };
		9D6307C4200FC34700D6D134 /* Assets.xcassets */ = {isa = PBXFileReference; lastKnownFileType = folder.assetcatalog; path = Assets.xcassets; sourceTree = "<group>"; };
		9D6307C7200FC34700D6D134 /* Base */ = {isa = PBXFileReference; lastKnownFileType = file.storyboard; name = Base; path = Base.lproj/LaunchScreen.storyboard; sourceTree = "<group>"; };
		9D6307C9200FC34700D6D134 /* Info.plist */ = {isa = PBXFileReference; lastKnownFileType = text.plist.xml; path = Info.plist; sourceTree = "<group>"; };
		9D6307CE200FC34700D6D134 /* InventariumTests.xctest */ = {isa = PBXFileReference; explicitFileType = wrapper.cfbundle; includeInIndex = 0; path = InventariumTests.xctest; sourceTree = BUILT_PRODUCTS_DIR; };
		9D6307D2200FC34700D6D134 /* InventariumTests.swift */ = {isa = PBXFileReference; lastKnownFileType = sourcecode.swift; path = InventariumTests.swift; sourceTree = "<group>"; };
		9D6307D4200FC34700D6D134 /* Info.plist */ = {isa = PBXFileReference; lastKnownFileType = text.plist.xml; path = Info.plist; sourceTree = "<group>"; };
		9D6307D9200FC34700D6D134 /* InventariumUITests.xctest */ = {isa = PBXFileReference; explicitFileType = wrapper.cfbundle; includeInIndex = 0; path = InventariumUITests.xctest; sourceTree = BUILT_PRODUCTS_DIR; };
		9D6307DD200FC34700D6D134 /* InventariumUITests.swift */ = {isa = PBXFileReference; lastKnownFileType = sourcecode.swift; path = InventariumUITests.swift; sourceTree = "<group>"; };
		9D6307DF200FC34700D6D134 /* Info.plist */ = {isa = PBXFileReference; lastKnownFileType = text.plist.xml; path = Info.plist; sourceTree = "<group>"; };
		9D6307EB200FC39B00D6D134 /* ItemsTableViewController.swift */ = {isa = PBXFileReference; fileEncoding = 4; lastKnownFileType = sourcecode.swift; path = ItemsTableViewController.swift; sourceTree = "<group>"; };
		9D6307ED200FC3AA00D6D134 /* HistoryTableViewController.swift */ = {isa = PBXFileReference; fileEncoding = 4; lastKnownFileType = sourcecode.swift; path = HistoryTableViewController.swift; sourceTree = "<group>"; };
		9D6307EF200FC3B700D6D134 /* Item.swift */ = {isa = PBXFileReference; fileEncoding = 4; lastKnownFileType = sourcecode.swift; path = Item.swift; sourceTree = "<group>"; };
		9D6307F1200FC3CC00D6D134 /* ItemsTableViewCell.swift */ = {isa = PBXFileReference; fileEncoding = 4; lastKnownFileType = sourcecode.swift; path = ItemsTableViewCell.swift; sourceTree = "<group>"; };
		9DF490D12023891800288DA2 /* EditItemViewController.swift */ = {isa = PBXFileReference; fileEncoding = 4; lastKnownFileType = sourcecode.swift; path = EditItemViewController.swift; sourceTree = "<group>"; };
/* End PBXFileReference section */

/* Begin PBXFrameworksBuildPhase section */
		9D6307B5200FC34700D6D134 /* Frameworks */ = {
			isa = PBXFrameworksBuildPhase;
			buildActionMask = 2147483647;
			files = (
			);
			runOnlyForDeploymentPostprocessing = 0;
		};
		9D6307CB200FC34700D6D134 /* Frameworks */ = {
			isa = PBXFrameworksBuildPhase;
			buildActionMask = 2147483647;
			files = (
			);
			runOnlyForDeploymentPostprocessing = 0;
		};
		9D6307D6200FC34700D6D134 /* Frameworks */ = {
			isa = PBXFrameworksBuildPhase;
			buildActionMask = 2147483647;
			files = (
			);
			runOnlyForDeploymentPostprocessing = 0;
		};
/* End PBXFrameworksBuildPhase section */

/* Begin PBXGroup section */
		9D6307AF200FC34700D6D134 = {
			isa = PBXGroup;
			children = (
				9D6307BA200FC34700D6D134 /* Inventarium */,
				9D6307D1200FC34700D6D134 /* InventariumTests */,
				9D6307DC200FC34700D6D134 /* InventariumUITests */,
				9D6307B9200FC34700D6D134 /* Products */,
			);
			sourceTree = "<group>";
		};
		9D6307B9200FC34700D6D134 /* Products */ = {
			isa = PBXGroup;
			children = (
				9D6307B8200FC34700D6D134 /* Inventarium.app */,
				9D6307CE200FC34700D6D134 /* InventariumTests.xctest */,
				9D6307D9200FC34700D6D134 /* InventariumUITests.xctest */,
			);
			name = Products;
			sourceTree = "<group>";
		};
		9D6307BA200FC34700D6D134 /* Inventarium */ = {
			isa = PBXGroup;
			children = (
				9D6307BB200FC34700D6D134 /* AppDelegate.swift */,
				9D6307ED200FC3AA00D6D134 /* HistoryTableViewController.swift */,
				9D6307EB200FC39B00D6D134 /* ItemsTableViewController.swift */,
				9D31C8B020111D5C00208F71 /* NewItemViewController.swift */,
				9D6307EF200FC3B700D6D134 /* Item.swift */,
				9D6307F1200FC3CC00D6D134 /* ItemsTableViewCell.swift */,
				9DF490D12023891800288DA2 /* EditItemViewController.swift */,
				9D6307C1200FC34700D6D134 /* Main.storyboard */,
				9D6307C4200FC34700D6D134 /* Assets.xcassets */,
				9D6307C6200FC34700D6D134 /* LaunchScreen.storyboard */,
				9D6307C9200FC34700D6D134 /* Info.plist */,
			);
			path = Inventarium;
			sourceTree = "<group>";
		};
		9D6307D1200FC34700D6D134 /* InventariumTests */ = {
			isa = PBXGroup;
			children = (
				9D6307D2200FC34700D6D134 /* InventariumTests.swift */,
				9D6307D4200FC34700D6D134 /* Info.plist */,
			);
			path = InventariumTests;
			sourceTree = "<group>";
		};
		9D6307DC200FC34700D6D134 /* InventariumUITests */ = {
			isa = PBXGroup;
			children = (
				9D6307DD200FC34700D6D134 /* InventariumUITests.swift */,
				9D6307DF200FC34700D6D134 /* Info.plist */,
			);
			path = InventariumUITests;
			sourceTree = "<group>";
		};
/* End PBXGroup section */

/* Begin PBXNativeTarget section */
		9D6307B7200FC34700D6D134 /* Inventarium */ = {
			isa = PBXNativeTarget;
			buildConfigurationList = 9D6307E2200FC34700D6D134 /* Build configuration list for PBXNativeTarget "Inventarium" */;
			buildPhases = (
				9D6307B4200FC34700D6D134 /* Sources */,
				9D6307B5200FC34700D6D134 /* Frameworks */,
				9D6307B6200FC34700D6D134 /* Resources */,
			);
			buildRules = (
			);
			dependencies = (
			);
			name = Inventarium;
			productName = Inventarium;
			productReference = 9D6307B8200FC34700D6D134 /* Inventarium.app */;
			productType = "com.apple.product-type.application";
		};
		9D6307CD200FC34700D6D134 /* InventariumTests */ = {
			isa = PBXNativeTarget;
			buildConfigurationList = 9D6307E5200FC34700D6D134 /* Build configuration list for PBXNativeTarget "InventariumTests" */;
			buildPhases = (
				9D6307CA200FC34700D6D134 /* Sources */,
				9D6307CB200FC34700D6D134 /* Frameworks */,
				9D6307CC200FC34700D6D134 /* Resources */,
			);
			buildRules = (
			);
			dependencies = (
				9D6307D0200FC34700D6D134 /* PBXTargetDependency */,
			);
			name = InventariumTests;
			productName = InventariumTests;
			productReference = 9D6307CE200FC34700D6D134 /* InventariumTests.xctest */;
			productType = "com.apple.product-type.bundle.unit-test";
		};
		9D6307D8200FC34700D6D134 /* InventariumUITests */ = {
			isa = PBXNativeTarget;
			buildConfigurationList = 9D6307E8200FC34700D6D134 /* Build configuration list for PBXNativeTarget "InventariumUITests" */;
			buildPhases = (
				9D6307D5200FC34700D6D134 /* Sources */,
				9D6307D6200FC34700D6D134 /* Frameworks */,
				9D6307D7200FC34700D6D134 /* Resources */,
			);
			buildRules = (
			);
			dependencies = (
				9D6307DB200FC34700D6D134 /* PBXTargetDependency */,
			);
			name = InventariumUITests;
			productName = InventariumUITests;
			productReference = 9D6307D9200FC34700D6D134 /* InventariumUITests.xctest */;
			productType = "com.apple.product-type.bundle.ui-testing";
		};
/* End PBXNativeTarget section */

/* Begin PBXProject section */
		9D6307B0200FC34700D6D134 /* Project object */ = {
			isa = PBXProject;
			attributes = {
				LastSwiftUpdateCheck = 0830;
				LastUpgradeCheck = 0830;
				ORGANIZATIONNAME = "LIU, CHI-YUN";
				TargetAttributes = {
					9D6307B7200FC34700D6D134 = {
						CreatedOnToolsVersion = 8.3.3;
						ProvisioningStyle = Automatic;
					};
					9D6307CD200FC34700D6D134 = {
						CreatedOnToolsVersion = 8.3.3;
						ProvisioningStyle = Automatic;
						TestTargetID = 9D6307B7200FC34700D6D134;
					};
					9D6307D8200FC34700D6D134 = {
						CreatedOnToolsVersion = 8.3.3;
						ProvisioningStyle = Automatic;
						TestTargetID = 9D6307B7200FC34700D6D134;
					};
				};
			};
			buildConfigurationList = 9D6307B3200FC34700D6D134 /* Build configuration list for PBXProject "Inventarium" */;
			compatibilityVersion = "Xcode 3.2";
			developmentRegion = English;
			hasScannedForEncodings = 0;
			knownRegions = (
				en,
				Base,
			);
			mainGroup = 9D6307AF200FC34700D6D134;
			productRefGroup = 9D6307B9200FC34700D6D134 /* Products */;
			projectDirPath = "";
			projectRoot = "";
			targets = (
				9D6307B7200FC34700D6D134 /* Inventarium */,
				9D6307CD200FC34700D6D134 /* InventariumTests */,
				9D6307D8200FC34700D6D134 /* InventariumUITests */,
			);
		};
/* End PBXProject section */

/* Begin PBXResourcesBuildPhase section */
		9D6307B6200FC34700D6D134 /* Resources */ = {
			isa = PBXResourcesBuildPhase;
			buildActionMask = 2147483647;
			files = (
				9D6307C8200FC34700D6D134 /* LaunchScreen.storyboard in Resources */,
				9D6307C5200FC34700D6D134 /* Assets.xcassets in Resources */,
				9D6307C3200FC34700D6D134 /* Main.storyboard in Resources */,
			);
			runOnlyForDeploymentPostprocessing = 0;
		};
		9D6307CC200FC34700D6D134 /* Resources */ = {
			isa = PBXResourcesBuildPhase;
			buildActionMask = 2147483647;
			files = (
			);
			runOnlyForDeploymentPostprocessing = 0;
		};
		9D6307D7200FC34700D6D134 /* Resources */ = {
			isa = PBXResourcesBuildPhase;
			buildActionMask = 2147483647;
			files = (
			);
			runOnlyForDeploymentPostprocessing = 0;
		};
/* End PBXResourcesBuildPhase section */

/* Begin PBXSourcesBuildPhase section */
		9D6307B4200FC34700D6D134 /* Sources */ = {
			isa = PBXSourcesBuildPhase;
			buildActionMask = 2147483647;
			files = (
				9D6307F2200FC3CC00D6D134 /* ItemsTableViewCell.swift in Sources */,
				9DF490D22023891800288DA2 /* EditItemViewController.swift in Sources */,
				9D6307F0200FC3B700D6D134 /* Item.swift in Sources */,
				9D31C8B120111D5C00208F71 /* NewItemViewController.swift in Sources */,
				9D6307EC200FC39B00D6D134 /* ItemsTableViewController.swift in Sources */,
				9D6307BC200FC34700D6D134 /* AppDelegate.swift in Sources */,
				9D6307EE200FC3AA00D6D134 /* HistoryTableViewController.swift in Sources */,
			);
			runOnlyForDeploymentPostprocessing = 0;
		};
		9D6307CA200FC34700D6D134 /* Sources */ = {
			isa = PBXSourcesBuildPhase;
			buildActionMask = 2147483647;
			files = (
				9D6307D3200FC34700D6D134 /* InventariumTests.swift in Sources */,
			);
			runOnlyForDeploymentPostprocessing = 0;
		};
		9D6307D5200FC34700D6D134 /* Sources */ = {
			isa = PBXSourcesBuildPhase;
			buildActionMask = 2147483647;
			files = (
				9D6307DE200FC34700D6D134 /* InventariumUITests.swift in Sources */,
			);
			runOnlyForDeploymentPostprocessing = 0;
		};
/* End PBXSourcesBuildPhase section */

/* Begin PBXTargetDependency section */
		9D6307D0200FC34700D6D134 /* PBXTargetDependency */ = {
			isa = PBXTargetDependency;
			target = 9D6307B7200FC34700D6D134 /* Inventarium */;
			targetProxy = 9D6307CF200FC34700D6D134 /* PBXContainerItemProxy */;
		};
		9D6307DB200FC34700D6D134 /* PBXTargetDependency */ = {
			isa = PBXTargetDependency;
			target = 9D6307B7200FC34700D6D134 /* Inventarium */;
			targetProxy = 9D6307DA200FC34700D6D134 /* PBXContainerItemProxy */;
		};
/* End PBXTargetDependency section */

/* Begin PBXVariantGroup section */
		9D6307C1200FC34700D6D134 /* Main.storyboard */ = {
			isa = PBXVariantGroup;
			children = (
				9D6307C2200FC34700D6D134 /* Base */,
			);
			name = Main.storyboard;
			sourceTree = "<group>";
		};
		9D6307C6200FC34700D6D134 /* LaunchScreen.storyboard */ = {
			isa = PBXVariantGroup;
			children = (
				9D6307C7200FC34700D6D134 /* Base */,
			);
			name = LaunchScreen.storyboard;
			sourceTree = "<group>";
		};
/* End PBXVariantGroup section */

/* Begin XCBuildConfiguration section */
		9D6307E0200FC34700D6D134 /* Debug */ = {
			isa = XCBuildConfiguration;
			buildSettings = {
				ALWAYS_SEARCH_USER_PATHS = NO;
				CLANG_ANALYZER_NONNULL = YES;
				CLANG_ANALYZER_NUMBER_OBJECT_CONVERSION = YES_AGGRESSIVE;
				CLANG_CXX_LANGUAGE_STANDARD = "gnu++0x";
				CLANG_CXX_LIBRARY = "libc++";
				CLANG_ENABLE_MODULES = YES;
				CLANG_ENABLE_OBJC_ARC = YES;
				CLANG_WARN_BOOL_CONVERSION = YES;
				CLANG_WARN_CONSTANT_CONVERSION = YES;
				CLANG_WARN_DIRECT_OBJC_ISA_USAGE = YES_ERROR;
				CLANG_WARN_DOCUMENTATION_COMMENTS = YES;
				CLANG_WARN_EMPTY_BODY = YES;
				CLANG_WARN_ENUM_CONVERSION = YES;
				CLANG_WARN_INFINITE_RECURSION = YES;
				CLANG_WARN_INT_CONVERSION = YES;
				CLANG_WARN_OBJC_ROOT_CLASS = YES_ERROR;
				CLANG_WARN_SUSPICIOUS_MOVE = YES;
				CLANG_WARN_UNREACHABLE_CODE = YES;
				CLANG_WARN__DUPLICATE_METHOD_MATCH = YES;
				"CODE_SIGN_IDENTITY[sdk=iphoneos*]" = "iPhone Developer";
				COPY_PHASE_STRIP = NO;
				DEBUG_INFORMATION_FORMAT = dwarf;
				ENABLE_STRICT_OBJC_MSGSEND = YES;
				ENABLE_TESTABILITY = YES;
				GCC_C_LANGUAGE_STANDARD = gnu99;
				GCC_DYNAMIC_NO_PIC = NO;
				GCC_NO_COMMON_BLOCKS = YES;
				GCC_OPTIMIZATION_LEVEL = 0;
				GCC_PREPROCESSOR_DEFINITIONS = (
					"DEBUG=1",
					"$(inherited)",
				);
				GCC_WARN_64_TO_32_BIT_CONVERSION = YES;
				GCC_WARN_ABOUT_RETURN_TYPE = YES_ERROR;
				GCC_WARN_UNDECLARED_SELECTOR = YES;
				GCC_WARN_UNINITIALIZED_AUTOS = YES_AGGRESSIVE;
				GCC_WARN_UNUSED_FUNCTION = YES;
				GCC_WARN_UNUSED_VARIABLE = YES;
				IPHONEOS_DEPLOYMENT_TARGET = 10.3;
				MTL_ENABLE_DEBUG_INFO = YES;
				ONLY_ACTIVE_ARCH = YES;
				SDKROOT = iphoneos;
				SWIFT_ACTIVE_COMPILATION_CONDITIONS = DEBUG;
				SWIFT_OPTIMIZATION_LEVEL = "-Onone";
				TARGETED_DEVICE_FAMILY = "1,2";
			};
			name = Debug;
		};
		9D6307E1200FC34700D6D134 /* Release */ = {
			isa = XCBuildConfiguration;
			buildSettings = {
				ALWAYS_SEARCH_USER_PATHS = NO;
				CLANG_ANALYZER_NONNULL = YES;
				CLANG_ANALYZER_NUMBER_OBJECT_CONVERSION = YES_AGGRESSIVE;
				CLANG_CXX_LANGUAGE_STANDARD = "gnu++0x";
				CLANG_CXX_LIBRARY = "libc++";
				CLANG_ENABLE_MODULES = YES;
				CLANG_ENABLE_OBJC_ARC = YES;
				CLANG_WARN_BOOL_CONVERSION = YES;
				CLANG_WARN_CONSTANT_CONVERSION = YES;
				CLANG_WARN_DIRECT_OBJC_ISA_USAGE = YES_ERROR;
				CLANG_WARN_DOCUMENTATION_COMMENTS = YES;
				CLANG_WARN_EMPTY_BODY = YES;
				CLANG_WARN_ENUM_CONVERSION = YES;
				CLANG_WARN_INFINITE_RECURSION = YES;
				CLANG_WARN_INT_CONVERSION = YES;
				CLANG_WARN_OBJC_ROOT_CLASS = YES_ERROR;
				CLANG_WARN_SUSPICIOUS_MOVE = YES;
				CLANG_WARN_UNREACHABLE_CODE = YES;
				CLANG_WARN__DUPLICATE_METHOD_MATCH = YES;
				"CODE_SIGN_IDENTITY[sdk=iphoneos*]" = "iPhone Developer";
				COPY_PHASE_STRIP = NO;
				DEBUG_INFORMATION_FORMAT = "dwarf-with-dsym";
				ENABLE_NS_ASSERTIONS = NO;
				ENABLE_STRICT_OBJC_MSGSEND = YES;
				GCC_C_LANGUAGE_STANDARD = gnu99;
				GCC_NO_COMMON_BLOCKS = YES;
				GCC_WARN_64_TO_32_BIT_CONVERSION = YES;
				GCC_WARN_ABOUT_RETURN_TYPE = YES_ERROR;
				GCC_WARN_UNDECLARED_SELECTOR = YES;
				GCC_WARN_UNINITIALIZED_AUTOS = YES_AGGRESSIVE;
				GCC_WARN_UNUSED_FUNCTION = YES;
				GCC_WARN_UNUSED_VARIABLE = YES;
				IPHONEOS_DEPLOYMENT_TARGET = 10.3;
				MTL_ENABLE_DEBUG_INFO = NO;
				SDKROOT = iphoneos;
				SWIFT_OPTIMIZATION_LEVEL = "-Owholemodule";
				TARGETED_DEVICE_FAMILY = "1,2";
				VALIDATE_PRODUCT = YES;
			};
			name = Release;
		};
		9D6307E3200FC34700D6D134 /* Debug */ = {
			isa = XCBuildConfiguration;
			buildSettings = {
				ASSETCATALOG_COMPILER_APPICON_NAME = AppIcon;
				INFOPLIST_FILE = Inventarium/Info.plist;
				LD_RUNPATH_SEARCH_PATHS = "$(inherited) @executable_path/Frameworks";
				PRODUCT_BUNDLE_IDENTIFIER = org.District196.Inventarium;
				PRODUCT_NAME = "$(TARGET_NAME)";
				SWIFT_VERSION = 3.0;
			};
			name = Debug;
		};
		9D6307E4200FC34700D6D134 /* Release */ = {
			isa = XCBuildConfiguration;
			buildSettings = {
				ASSETCATALOG_COMPILER_APPICON_NAME = AppIcon;
				INFOPLIST_FILE = Inventarium/Info.plist;
				LD_RUNPATH_SEARCH_PATHS = "$(inherited) @executable_path/Frameworks";
				PRODUCT_BUNDLE_IDENTIFIER = org.District196.Inventarium;
				PRODUCT_NAME = "$(TARGET_NAME)";
				SWIFT_VERSION = 3.0;
			};
			name = Release;
		};
		9D6307E6200FC34700D6D134 /* Debug */ = {
			isa = XCBuildConfiguration;
			buildSettings = {
				ALWAYS_EMBED_SWIFT_STANDARD_LIBRARIES = YES;
				BUNDLE_LOADER = "$(TEST_HOST)";
				INFOPLIST_FILE = InventariumTests/Info.plist;
				LD_RUNPATH_SEARCH_PATHS = "$(inherited) @executable_path/Frameworks @loader_path/Frameworks";
				PRODUCT_BUNDLE_IDENTIFIER = org.District196.InventariumTests;
				PRODUCT_NAME = "$(TARGET_NAME)";
				SWIFT_VERSION = 3.0;
				TEST_HOST = "$(BUILT_PRODUCTS_DIR)/Inventarium.app/Inventarium";
			};
			name = Debug;
		};
		9D6307E7200FC34700D6D134 /* Release */ = {
			isa = XCBuildConfiguration;
			buildSettings = {
				ALWAYS_EMBED_SWIFT_STANDARD_LIBRARIES = YES;
				BUNDLE_LOADER = "$(TEST_HOST)";
				INFOPLIST_FILE = InventariumTests/Info.plist;
				LD_RUNPATH_SEARCH_PATHS = "$(inherited) @executable_path/Frameworks @loader_path/Frameworks";
				PRODUCT_BUNDLE_IDENTIFIER = org.District196.InventariumTests;
				PRODUCT_NAME = "$(TARGET_NAME)";
				SWIFT_VERSION = 3.0;
				TEST_HOST = "$(BUILT_PRODUCTS_DIR)/Inventarium.app/Inventarium";
			};
			name = Release;
		};
		9D6307E9200FC34700D6D134 /* Debug */ = {
			isa = XCBuildConfiguration;
			buildSettings = {
				ALWAYS_EMBED_SWIFT_STANDARD_LIBRARIES = YES;
				INFOPLIST_FILE = InventariumUITests/Info.plist;
				LD_RUNPATH_SEARCH_PATHS = "$(inherited) @executable_path/Frameworks @loader_path/Frameworks";
				PRODUCT_BUNDLE_IDENTIFIER = org.District196.InventariumUITests;
				PRODUCT_NAME = "$(TARGET_NAME)";
				SWIFT_VERSION = 3.0;
				TEST_TARGET_NAME = Inventarium;
			};
			name = Debug;
		};
		9D6307EA200FC34700D6D134 /* Release */ = {
			isa = XCBuildConfiguration;
			buildSettings = {
				ALWAYS_EMBED_SWIFT_STANDARD_LIBRARIES = YES;
				INFOPLIST_FILE = InventariumUITests/Info.plist;
				LD_RUNPATH_SEARCH_PATHS = "$(inherited) @executable_path/Frameworks @loader_path/Frameworks";
				PRODUCT_BUNDLE_IDENTIFIER = org.District196.InventariumUITests;
				PRODUCT_NAME = "$(TARGET_NAME)";
				SWIFT_VERSION = 3.0;
				TEST_TARGET_NAME = Inventarium;
			};
			name = Release;
		};
/* End XCBuildConfiguration section */

/* Begin XCConfigurationList section */
		9D6307B3200FC34700D6D134 /* Build configuration list for PBXProject "Inventarium" */ = {
			isa = XCConfigurationList;
			buildConfigurations = (
				9D6307E0200FC34700D6D134 /* Debug */,
				9D6307E1200FC34700D6D134 /* Release */,
			);
			defaultConfigurationIsVisible = 0;
			defaultConfigurationName = Release;
		};
		9D6307E2200FC34700D6D134 /* Build configuration list for PBXNativeTarget "Inventarium" */ = {
			isa = XCConfigurationList;
			buildConfigurations = (
				9D6307E3200FC34700D6D134 /* Debug */,
				9D6307E4200FC34700D6D134 /* Release */,
			);
			defaultConfigurationIsVisible = 0;
			defaultConfigurationName = Release;
		};
		9D6307E5200FC34700D6D134 /* Build configuration list for PBXNativeTarget "InventariumTests" */ = {
			isa = XCConfigurationList;
			buildConfigurations = (
				9D6307E6200FC34700D6D134 /* Debug */,
				9D6307E7200FC34700D6D134 /* Release */,
			);
			defaultConfigurationIsVisible = 0;
			defaultConfigurationName = Release;
		};
		9D6307E8200FC34700D6D134 /* Build configuration list for PBXNativeTarget "InventariumUITests" */ = {
			isa = XCConfigurationList;
			buildConfigurations = (
				9D6307E9200FC34700D6D134 /* Debug */,
				9D6307EA200FC34700D6D134 /* Release */,
			);
			defaultConfigurationIsVisible = 0;
			defaultConfigurationName = Release;
		};
/* End XCConfigurationList section */
	};
	rootObject = 9D6307B0200FC34700D6D134 /* Project object */;
}
